{
  "version": "5",
  "specifiers": {
    "jsr:@std/assert@1": "1.0.19",
    "jsr:@std/fs@^1.0.17": "1.0.24",
    "jsr:@std/internal@^1.0.12": "1.0.14",
    "jsr:@std/internal@^1.0.14": "1.0.14",
    "jsr:@std/path@*": "1.1.5",
    "jsr:@std/path@^1.0.9": "1.1.5",
    "jsr:@std/path@^1.1.5": "1.1.5"
  },
  "jsr": {
    "@std/assert@1.0.19": {
      "integrity": "eaada96ee120cb980bc47e040f82814d786fe8162ecc53c91d8df60b8755991e",
      "dependencies": [
        "jsr:@std/internal@^1.0.12"
      ]
    },
    "@std/fs@1.0.24": {
      "integrity": "f3061b45b81673a2bece689da041df32d174be064c89eb6397fb5718d3fb7877",
      "dependencies": [
        "jsr:@std/internal@^1.0.14",
        "jsr:@std/path@^1.1.5"
      ]
    },
    "@std/internal@1.0.14": {
      "integrity": "291516b3d4c35024d6ffbc0a9df5bf4c64116e05b50012cf846710152d2ffdf7"
    },
    "@std/path@1.1.5": {
      "integrity": "ccea00982ea28c36becaf6e62f855406c76a8c32d462f66f415bbb7d83a271bc",
      "dependencies": [
        "jsr:@std/internal@^1.0.14"
      ]
    }
  },
  "workspace": {
    "dependencies": [
      "jsr:@std/async@^1.0.12",
      "jsr:@std/fs@^1.0.17",
      "jsr:@std/path@^1.0.9",
      "npm:@types/diff-match-patch@^1.0.36",
      "npm:@types/pouchdb@^6.4.2",
      "npm:chokidar@^3.5.1",
      "npm:diff-match-patch@^1.0.5",
      "npm:fflate@~0.8.2",
      "npm:minimatch@*",
      "npm:octagonal-wheels@~0.1.39",
      "npm:pouchdb-adapter-http@9",
      "npm:pouchdb-core@9",
      "npm:pouchdb-errors@9",
      "npm:pouchdb-find@9",
      "npm:pouchdb-mapreduce@9",
      "npm:pouchdb-merge@9",
      "npm:pouchdb-replication@9",
      "npm:pouchdb-utils@9",
      "npm:transform-pouch@2",
      "npm:xxhash-wasm@^1.0.2"
    ]
  }
}
